
Microsoft Visual Studio Solution File, Format Version 12.00
# Visual Studio Version 17
VisualStudioVersion = 17.9.34607.119
MinimumVisualStudioVersion = 10.0.40219.1
Project("{FAE04EC0-301F-11D3-BF4B-00C04F79EFBC}") = "Patron2", "Patron2\Patron2.csproj", "{BE5E0058-5CA6-4DE2-95FD-8DD32B44566B}"
EndProject
Global
	GlobalSection(SolutionConfigurationPlatforms) = preSolution
		Debug|Any CPU = Debug|Any CPU
		Release|Any CPU = Release|Any CPU
	EndGlobalSection
	GlobalSection(ProjectConfigurationPlatforms) = postSolution
		{BE5E0058-5CA6-4DE2-95FD-8DD32B44566B}.Debug|Any CPU.ActiveCfg = Debug|Any CPU
		{BE5E0058-5CA6-4DE2-95FD-8DD32B44566B}.Debug|Any CPU.Build.0 = Debug|Any CPU
		{BE5E0058-5CA6-4DE2-95FD-8DD32B44566B}.Release|Any CPU.ActiveCfg = Release|Any CPU
		{BE5E0058-5CA6-4DE2-95FD-8DD32B44566B}.Release|Any CPU.Build.0 = Release|Any CPU
	EndGlobalSection
	GlobalSection(SolutionProperties) = preSolution
		HideSolutionNode = FALSE
	EndGlobalSection
	GlobalSection(ExtensibilityGlobals) = postSolution
		SolutionGuid = {2303DDBA-BEBF-43D0-A6E3-8BD4E5013479}
	EndGlobalSection
EndGlobal
